
Microsoft Visual Studio Solution File, Format Version 12.00
# Visual Studio 14
VisualStudioVersion = 14.0.25420.1
MinimumVisualStudioVersion = 10.0.40219.1
Project("{FAE04EC0-301F-11D3-BF4B-00C04F79EFBC}") = "PhaseOneExamV3", "PhaseOneExamV3\PhaseOneExamV3.csproj", "{50BFCFD1-7C7C-44A7-BF59-D07C7F33B507}"
EndProject
Global
	GlobalSection(SolutionConfigurationPlatforms) = preSolution
		Debug|Any CPU = Debug|Any CPU
		Release|Any CPU = Release|Any CPU
	EndGlobalSection
	GlobalSection(ProjectConfigurationPlatforms) = postSolution
		{50BFCFD1-7C7C-44A7-BF59-D07C7F33B507}.Debug|Any CPU.ActiveCfg = Debug|Any CPU
		{50BFCFD1-7C7C-44A7-BF59-D07C7F33B507}.Debug|Any CPU.Build.0 = Debug|Any CPU
		{50BFCFD1-7C7C-44A7-BF59-D07C7F33B507}.Release|Any CPU.ActiveCfg = Release|Any CPU
		{50BFCFD1-7C7C-44A7-BF59-D07C7F33B507}.Release|Any CPU.Build.0 = Release|Any CPU
	EndGlobalSection
	GlobalSection(SolutionProperties) = preSolution
		HideSolutionNode = FALSE
	EndGlobalSection
EndGlobal
